
Microsoft Visual Studio Solution File, Format Version 12.00
# Visual Studio Version 17
VisualStudioVersion = 17.8.34330.188
MinimumVisualStudioVersion = 10.0.40219.1
Project("{9A19103F-16F7-4668-BE54-9A1E7A4F7556}") = "SimpleFactory", "FactoryMethod\SimpleFactory.csproj", "{74838342-6341-43DA-9CC9-3E9E60B2E23B}"
EndProject
Project("{FAE04EC0-301F-11D3-BF4B-00C04F79EFBC}") = "FactoryMethod", "FactoryMethod.v2\FactoryMethod.csproj", "{B424469C-85D6-4FEE-ABF3-C7DF0D16C478}"
EndProject
Global
	GlobalSection(SolutionConfigurationPlatforms) = preSolution
		Debug|Any CPU = Debug|Any CPU
		Release|Any CPU = Release|Any CPU
	EndGlobalSection
	GlobalSection(ProjectConfigurationPlatforms) = postSolution
		{74838342-6341-43DA-9CC9-3E9E60B2E23B}.Debug|Any CPU.ActiveCfg = Debug|Any CPU
		{74838342-6341-43DA-9CC9-3E9E60B2E23B}.Debug|Any CPU.Build.0 = Debug|Any CPU
		{74838342-6341-43DA-9CC9-3E9E60B2E23B}.Release|Any CPU.ActiveCfg = Release|Any CPU
		{74838342-6341-43DA-9CC9-3E9E60B2E23B}.Release|Any CPU.Build.0 = Release|Any CPU
		{B424469C-85D6-4FEE-ABF3-C7DF0D16C478}.Debug|Any CPU.ActiveCfg = Debug|Any CPU
		{B424469C-85D6-4FEE-ABF3-C7DF0D16C478}.Debug|Any CPU.Build.0 = Debug|Any CPU
		{B424469C-85D6-4FEE-ABF3-C7DF0D16C478}.Release|Any CPU.ActiveCfg = Release|Any CPU
		{B424469C-85D6-4FEE-ABF3-C7DF0D16C478}.Release|Any CPU.Build.0 = Release|Any CPU
	EndGlobalSection
	GlobalSection(SolutionProperties) = preSolution
		HideSolutionNode = FALSE
	EndGlobalSection
	GlobalSection(ExtensibilityGlobals) = postSolution
		SolutionGuid = {25AF112B-9E76-4DEF-9A42-36C1496FC8A2}
	EndGlobalSection
EndGlobal
