
Microsoft Visual Studio Solution File, Format Version 12.00
# Visual Studio Version 17
VisualStudioVersion = 17.8.34330.188
MinimumVisualStudioVersion = 10.0.40219.1
Project("{9A19103F-16F7-4668-BE54-9A1E7A4F7556}") = "SimpleFactory", "FactoryMethod\SimpleFactory.csproj", "{74838342-6341-43DA-9CC9-3E9E60B2E23B}"
EndProject
Project("{9A19103F-16F7-4668-BE54-9A1E7A4F7556}") = "FactoryMethod", "FactoryMethod.v2\FactoryMethod.csproj", "{B424469C-85D6-4FEE-ABF3-C7DF0D16C478}"
EndProject
Project("{9A19103F-16F7-4668-BE54-9A1E7A4F7556}") = "AbstractFactory", "AbstractFactory\AbstractFactory.csproj", "{B863167C-9D7D-4038-AF0E-0D0CD8087581}"
EndProject
Project("{9A19103F-16F7-4668-BE54-9A1E7A4F7556}") = "Builder", "Builder\Builder.csproj", "{724989AC-1A21-4EC7-BEC5-9109442DFDE1}"
EndProject
Project("{2150E333-8FDC-42A3-9474-1A3956D46DE8}") = "Pratica", "Pratica", "{391269E4-A78B-4EE3-97D3-5A5F5F50CFEF}"
EndProject
Project("{9A19103F-16F7-4668-BE54-9A1E7A4F7556}") = "Pratica.FactoryMethod", "Pratica.FactoryMethod\Pratica.FactoryMethod.csproj", "{E20C71EA-CE5D-45F8-BC59-1B66CA9BDA8D}"
EndProject
Project("{9A19103F-16F7-4668-BE54-9A1E7A4F7556}") = "Pratica.AbstractFactory", "Pratica.AbstractFactory\Pratica.AbstractFactory.csproj", "{F612AFAB-E41B-44B2-A173-5EA8463D665E}"
EndProject
Project("{FAE04EC0-301F-11D3-BF4B-00C04F79EFBC}") = "Pratica.Builder", "Pratica.Builder\Pratica.Builder.csproj", "{53FCB186-339F-4981-90DA-FB9AC8647C13}"
EndProject
Global
	GlobalSection(SolutionConfigurationPlatforms) = preSolution
		Debug|Any CPU = Debug|Any CPU
		Release|Any CPU = Release|Any CPU
	EndGlobalSection
	GlobalSection(ProjectConfigurationPlatforms) = postSolution
		{74838342-6341-43DA-9CC9-3E9E60B2E23B}.Debug|Any CPU.ActiveCfg = Debug|Any CPU
		{74838342-6341-43DA-9CC9-3E9E60B2E23B}.Debug|Any CPU.Build.0 = Debug|Any CPU
		{74838342-6341-43DA-9CC9-3E9E60B2E23B}.Release|Any CPU.ActiveCfg = Release|Any CPU
		{74838342-6341-43DA-9CC9-3E9E60B2E23B}.Release|Any CPU.Build.0 = Release|Any CPU
		{B424469C-85D6-4FEE-ABF3-C7DF0D16C478}.Debug|Any CPU.ActiveCfg = Debug|Any CPU
		{B424469C-85D6-4FEE-ABF3-C7DF0D16C478}.Debug|Any CPU.Build.0 = Debug|Any CPU
		{B424469C-85D6-4FEE-ABF3-C7DF0D16C478}.Release|Any CPU.ActiveCfg = Release|Any CPU
		{B424469C-85D6-4FEE-ABF3-C7DF0D16C478}.Release|Any CPU.Build.0 = Release|Any CPU
		{B863167C-9D7D-4038-AF0E-0D0CD8087581}.Debug|Any CPU.ActiveCfg = Debug|Any CPU
		{B863167C-9D7D-4038-AF0E-0D0CD8087581}.Debug|Any CPU.Build.0 = Debug|Any CPU
		{B863167C-9D7D-4038-AF0E-0D0CD8087581}.Release|Any CPU.ActiveCfg = Release|Any CPU
		{B863167C-9D7D-4038-AF0E-0D0CD8087581}.Release|Any CPU.Build.0 = Release|Any CPU
		{724989AC-1A21-4EC7-BEC5-9109442DFDE1}.Debug|Any CPU.ActiveCfg = Debug|Any CPU
		{724989AC-1A21-4EC7-BEC5-9109442DFDE1}.Debug|Any CPU.Build.0 = Debug|Any CPU
		{724989AC-1A21-4EC7-BEC5-9109442DFDE1}.Release|Any CPU.ActiveCfg = Release|Any CPU
		{724989AC-1A21-4EC7-BEC5-9109442DFDE1}.Release|Any CPU.Build.0 = Release|Any CPU
		{E20C71EA-CE5D-45F8-BC59-1B66CA9BDA8D}.Debug|Any CPU.ActiveCfg = Debug|Any CPU
		{E20C71EA-CE5D-45F8-BC59-1B66CA9BDA8D}.Debug|Any CPU.Build.0 = Debug|Any CPU
		{E20C71EA-CE5D-45F8-BC59-1B66CA9BDA8D}.Release|Any CPU.ActiveCfg = Release|Any CPU
		{E20C71EA-CE5D-45F8-BC59-1B66CA9BDA8D}.Release|Any CPU.Build.0 = Release|Any CPU
		{F612AFAB-E41B-44B2-A173-5EA8463D665E}.Debug|Any CPU.ActiveCfg = Debug|Any CPU
		{F612AFAB-E41B-44B2-A173-5EA8463D665E}.Debug|Any CPU.Build.0 = Debug|Any CPU
		{F612AFAB-E41B-44B2-A173-5EA8463D665E}.Release|Any CPU.ActiveCfg = Release|Any CPU
		{F612AFAB-E41B-44B2-A173-5EA8463D665E}.Release|Any CPU.Build.0 = Release|Any CPU
		{53FCB186-339F-4981-90DA-FB9AC8647C13}.Debug|Any CPU.ActiveCfg = Debug|Any CPU
		{53FCB186-339F-4981-90DA-FB9AC8647C13}.Debug|Any CPU.Build.0 = Debug|Any CPU
		{53FCB186-339F-4981-90DA-FB9AC8647C13}.Release|Any CPU.ActiveCfg = Release|Any CPU
		{53FCB186-339F-4981-90DA-FB9AC8647C13}.Release|Any CPU.Build.0 = Release|Any CPU
	EndGlobalSection
	GlobalSection(SolutionProperties) = preSolution
		HideSolutionNode = FALSE
	EndGlobalSection
	GlobalSection(NestedProjects) = preSolution
		{E20C71EA-CE5D-45F8-BC59-1B66CA9BDA8D} = {391269E4-A78B-4EE3-97D3-5A5F5F50CFEF}
		{F612AFAB-E41B-44B2-A173-5EA8463D665E} = {391269E4-A78B-4EE3-97D3-5A5F5F50CFEF}
		{53FCB186-339F-4981-90DA-FB9AC8647C13} = {391269E4-A78B-4EE3-97D3-5A5F5F50CFEF}
	EndGlobalSection
	GlobalSection(ExtensibilityGlobals) = postSolution
		SolutionGuid = {25AF112B-9E76-4DEF-9A42-36C1496FC8A2}
	EndGlobalSection
EndGlobal
